<?xml version="1.0" encoding="utf-8"?>
<Project ToolsVersion="4.0" xmlns="http://schemas.microsoft.com/developer/msbuild/2003">
  <ItemGroup>
    <Filter Include="Source Files">
      <UniqueIdentifier>{4FC737F1-C7A5-4376-A066-2A32D752A2FF}</UniqueIdentifier>
      <Extensions>cpp;c;cc;cxx;def;odl;idl;hpj;bat;asm;asmx</Extensions>
    </Filter>
    <Filter Include="Header Files">
      <UniqueIdentifier>{93995380-89BD-4b04-88EB-625FBE52EBFB}</UniqueIdentifier>
      <Extensions>h;hh;hpp;hxx;hm;inl;inc;xsd</Extensions>
    </Filter>
    <Filter Include="Resource Files">
      <UniqueIdentifier>{67DA6AB6-F800-4c08-8B7A-83BB121AAD01}</UniqueIdentifier>
      <Extensions>rc;ico;cur;bmp;dlg;rc2;rct;bin;rgs;gif;jpg;jpeg;jpe;resx;tiff;tif;png;wav;mfcribbon-ms</Extensions>
    </Filter>
    <Filter Include="Header Files\dotX39">
      <UniqueIdentifier>{cbd45620-192e-4e0f-b2e0-d55b14ab13d4}</UniqueIdentifier>
    </Filter>
    <Filter Include="Source Files\dotX39">
      <UniqueIdentifier>{490e3ee6-3142-413a-9017-2046d7a48cec}</UniqueIdentifier>
    </Filter>
    <Filter Include="Header Files\sqfParser">
      <UniqueIdentifier>{aabd49d6-666b-4c5d-9ae8-25e86a7b352f}</UniqueIdentifier>
    </Filter>
  </ItemGroup>
  <ItemGroup>
    <ClInclude Include="dllMain.h">
      <Filter>Header Files</Filter>
    </ClInclude>
    <ClInclude Include="dotX39\Data.h">
      <Filter>Header Files\dotX39</Filter>
    </ClInclude>
    <ClInclude Include="dotX39\DataArray.h">
      <Filter>Header Files\dotX39</Filter>
    </ClInclude>
    <ClInclude Include="dotX39\DataBoolean.h">
      <Filter>Header Files\dotX39</Filter>
    </ClInclude>
    <ClInclude Include="dotX39\DataDateTime.h">
      <Filter>Header Files\dotX39</Filter>
    </ClInclude>
    <ClInclude Include="dotX39\DataScalar.h">
      <Filter>Header Files\dotX39</Filter>
    </ClInclude>
    <ClInclude Include="dotX39\DataString.h">
      <Filter>Header Files\dotX39</Filter>
    </ClInclude>
    <ClInclude Include="dotX39\DocumentReader.h">
      <Filter>Header Files\dotX39</Filter>
    </ClInclude>
    <ClInclude Include="dotX39\DocumentWriter.h">
      <Filter>Header Files\dotX39</Filter>
    </ClInclude>
    <ClInclude Include="dotX39\Node.h">
      <Filter>Header Files\dotX39</Filter>
    </ClInclude>
    <ClInclude Include="dotX39\visualStudioDefines.h">
      <Filter>Header Files\dotX39</Filter>
    </ClInclude>
    <ClInclude Include="Connection.hpp">
      <Filter>Header Files</Filter>
    </ClInclude>
    <ClInclude Include="PreparedStatement.hpp">
      <Filter>Header Files</Filter>
    </ClInclude>
    <ClInclude Include="sqf\Array.h">
      <Filter>Header Files\sqfParser</Filter>
    </ClInclude>
    <ClInclude Include="sqf\Base.h">
      <Filter>Header Files\sqfParser</Filter>
    </ClInclude>
    <ClInclude Include="sqf\Boolean.h">
      <Filter>Header Files\sqfParser</Filter>
    </ClInclude>
    <ClInclude Include="sqf\Scalar.h">
      <Filter>Header Files\sqfParser</Filter>
    </ClInclude>
    <ClInclude Include="sqf\String.h">
      <Filter>Header Files\sqfParser</Filter>
    </ClInclude>
  </ItemGroup>
  <ItemGroup>
    <Text Include="documentation.txt" />
  </ItemGroup>
  <ItemGroup>
    <ClCompile Include="main.cpp">
      <Filter>Source Files</Filter>
    </ClCompile>
    <ClCompile Include="dllMain.cpp">
      <Filter>Source Files</Filter>
    </ClCompile>
    <ClCompile Include="dotX39\DocumentReader.cpp">
      <Filter>Source Files\dotX39</Filter>
    </ClCompile>
    <ClCompile Include="dotX39\DocumentWriter.cpp">
      <Filter>Source Files\dotX39</Filter>
    </ClCompile>
    <ClCompile Include="dotX39\Node.cpp">
      <Filter>Source Files\dotX39</Filter>
    </ClCompile>
    <ClCompile Include="Connection.cpp">
      <Filter>Source Files</Filter>
    </ClCompile>
    <ClCompile Include="PreparedStatement.cpp">
      <Filter>Source Files</Filter>
    </ClCompile>
  </ItemGroup>
  <ItemGroup>
    <None Include="easyDatabase.x39" />
  </ItemGroup>
</Project>