<?xml version="1.0" encoding="utf-8"?>
<Project ToolsVersion="15.0" xmlns="http://schemas.microsoft.com/developer/msbuild/2003">
  <ItemGroup>
    <ClCompile Include="D:\Git\EasyDatabase\Extension\EasyDatabase\src\dllmain.cpp">
      <Filter>Source Files</Filter>
    </ClCompile>
  </ItemGroup>
  <ItemGroup>
    <ClInclude Include="D:\Git\EasyDatabase\Extension\EasyDatabase\inc\dllmain.h">
      <Filter>Header Files</Filter>
    </ClInclude>
    <ClInclude Include="D:\Git\EasyDatabase\Extension\EasyDatabase\inc\omemstream.h">
      <Filter>Header Files</Filter>
    </ClInclude>
  </ItemGroup>
  <ItemGroup>
    <CustomBuild Include="D:\Git\EasyDatabase\Extension\EasyDatabase\CMakeLists.txt" />
  </ItemGroup>
  <ItemGroup>
    <Filter Include="Header Files">
      <UniqueIdentifier>{6DDC4121-10DD-330A-BA2F-1C31DEE49A2E}</UniqueIdentifier>
    </Filter>
    <Filter Include="Source Files">
      <UniqueIdentifier>{E058318F-4E7C-316E-8DCD-49C485D26C3E}</UniqueIdentifier>
    </Filter>
  </ItemGroup>
</Project>
